{
  "name": "cafecito-feliz",
  "lockfileVersion": 3,
  "requires": true,
  "packages": {
    "": {
      "name": "cafecito-feliz",
      "devDependencies": {
        "mprocs": "^0.9.6",
        "prettier": "^3.9.9"
      }
    },
    "node_modules/mprocs": {
      "version": "0.9.6",
      "resolved": "https://registry.npmjs.org/mprocs/-/mprocs-0.9.6.tgz",
      "integrity": "sha512-sEwB5XD3/rReB47h0YbN2L5fXOLcMjF8sOEDTMr/daCLyVZfU4CegbanxO0ybiaFx0MQ/nV7yzOHmprmy2Wq9w==",
      "dev": true,
      "license": "MIT",
      "bin": {
        "mprocs": "cli.js"
      },
      "engines": {
        "node": ">=0.10.0"
      }
    },
    "node_modules/prettier": {
      "version": "3.9.9",
      "resolved": "https://registry.npmjs.org/prettier/-/prettier-3.9.9.tgz",
      "integrity": "sha512-Z/CJHIkdujO/OtN7nXUii0Rf3VT5SRuhjBA82Xvu2XhBUgX3nhP67T0LHceBdQLex7OOFGTox+Q5Yg8Jk2Qivg==",
      "dev": true,
      "license": "MIT",
      "bin": {
        "prettier": "bin/prettier.cjs"
      },
      "engines": {
        "node": ">=14"
      },
      "funding": {
        "url": "https://github.com/prettier/prettier?sponsor=1"
      }
    }
  }
}
